// !$*UTF8*$!
{
	archiveVersion = 1;
	classes = {
	};
	objectVersion = 46;
	objects = {

/* Begin PBXBuildFile section */
		8403747C1D1684DC009D7D64 /* OrderUtil.m in Sources */ = {isa = PBXBuildFile; fileRef = 8403747B1D1684DC009D7D64 /* OrderUtil.m */; };
		8403747F1D168E6A009D7D64 /* IPAddress.c in Sources */ = {isa = PBXBuildFile; fileRef = 8403747D1D168E6A009D7D64 /* IPAddress.c */; };
		840BADB11D4EDFC60073FABB /* URLSetUtil.m in Sources */ = {isa = PBXBuildFile; fileRef = 840BADB01D4EDFC60073FABB /* URLSetUtil.m */; };
		844E76981D4999C1008B1BBD /* UIWebView+JavaScriptAlert.m in Sources */ = {isa = PBXBuildFile; fileRef = 844E76971D4999C1008B1BBD /* UIWebView+JavaScriptAlert.m */; };
		8487C7691D0D8BD5004B8F6C /* AppDelegate.m in Sources */ = {isa = PBXBuildFile; fileRef = 8487C75C1D0D8BD5004B8F6C /* AppDelegate.m */; };
		8487C76A1D0D8BD5004B8F6C /* BaseViewController.m in Sources */ = {isa = PBXBuildFile; fileRef = 8487C7601D0D8BD5004B8F6C /* BaseViewController.m */; };
		8487C76C1D0D8BD5004B8F6C /* UIWebView+BlackColor.m in Sources */ = {isa = PBXBuildFile; fileRef = 8487C7651D0D8BD5004B8F6C /* UIWebView+BlackColor.m */; };
		8487C7711D0DDF3F004B8F6C /* UINavigationController+Custom.m in Sources */ = {isa = PBXBuildFile; fileRef = 8487C7701D0DDF3F004B8F6C /* UINavigationController+Custom.m */; };
		84A7B4331D06CFFC001802B5 /* back-arrow@2x.png in Resources */ = {isa = PBXBuildFile; fileRef = 84A7B4301D06CFFC001802B5 /* back-arrow@2x.png */; };
		84A7B4341D06CFFC001802B5 /* back-arrow@3x.png in Resources */ = {isa = PBXBuildFile; fileRef = 84A7B4321D06CFFC001802B5 /* back-arrow@3x.png */; };
		84AA398A1D184FB1001F12ED /* HttpViewController.swift in Sources */ = {isa = PBXBuildFile; fileRef = 84AA39891D184FB1001F12ED /* HttpViewController.swift */; };
		84B0A3711D12A61F00215200 /* libWeChatSDK.a in Frameworks */ = {isa = PBXBuildFile; fileRef = 84B0A36C1D12A61F00215200 /* libWeChatSDK.a */; };
		84B0A3741D12A75600215200 /* SystemConfiguration.framework in Frameworks */ = {isa = PBXBuildFile; fileRef = 84B0A3731D12A75600215200 /* SystemConfiguration.framework */; };
		84B0A3761D12A7AE00215200 /* libsqlite3.0.tbd in Frameworks */ = {isa = PBXBuildFile; fileRef = 84B0A3751D12A7AE00215200 /* libsqlite3.0.tbd */; };
		84B0A3781D12A7D400215200 /* libz.1.1.3.tbd in Frameworks */ = {isa = PBXBuildFile; fileRef = 84B0A3771D12A7D400215200 /* libz.1.1.3.tbd */; };
		84B0A37A1D12A80500215200 /* libc++.1.tbd in Frameworks */ = {isa = PBXBuildFile; fileRef = 84B0A3791D12A80500215200 /* libc++.1.tbd */; };
		84B0A37C1D12AAB200215200 /* CoreTelephony.framework in Frameworks */ = {isa = PBXBuildFile; fileRef = 84B0A37B1D12AAB200215200 /* CoreTelephony.framework */; };
		84B0A37E1D12AAE300215200 /* UIKit.framework in Frameworks */ = {isa = PBXBuildFile; fileRef = 84B0A37D1D12AAE300215200 /* UIKit.framework */; };
		84B0A3801D12AB3200215200 /* Foundation.framework in Frameworks */ = {isa = PBXBuildFile; fileRef = 84B0A37F1D12AB3200215200 /* Foundation.framework */; };
		84B0A38A1D12B59500215200 /* WXApiManager.m in Sources */ = {isa = PBXBuildFile; fileRef = 84B0A3891D12B59500215200 /* WXApiManager.m */; };
		84BCAA101D2021B1003341AD /* UserDefault.m in Sources */ = {isa = PBXBuildFile; fileRef = 84BCAA0F1D2021B1003341AD /* UserDefault.m */; };
		84C7B15D1D23FB470028B09D /* libSign.a in Frameworks */ = {isa = PBXBuildFile; fileRef = 84C7B15C1D23FB470028B09D /* libSign.a */; };
		84D1D2D91D19108300F47C44 /* XMLUtil.m in Sources */ = {isa = PBXBuildFile; fileRef = 84D1D2D81D19108300F47C44 /* XMLUtil.m */; };
		84D1D2DC1D1910B700F47C44 /* PayModel.m in Sources */ = {isa = PBXBuildFile; fileRef = 84D1D2DB1D1910B700F47C44 /* PayModel.m */; };
		84D93AA41D15B92E00F282AB /* libxml2.2.tbd in Frameworks */ = {isa = PBXBuildFile; fileRef = 84D93AA31D15B92E00F282AB /* libxml2.2.tbd */; };
		84D93AAB1D15C2D000F282AB /* ViewController.m in Sources */ = {isa = PBXBuildFile; fileRef = 84D93AAA1D15C2D000F282AB /* ViewController.m */; };
		84D93AAE1D15C43400F282AB /* BridgeController.m in Sources */ = {isa = PBXBuildFile; fileRef = 84D93AAD1D15C43400F282AB /* BridgeController.m */; };
		84E3190D1D11B1720094F1FE /* NSString+MD5.m in Sources */ = {isa = PBXBuildFile; fileRef = 84E3190C1D11B1720094F1FE /* NSString+MD5.m */; };
		84E397831D13C5B20023A882 /* WXApiRequestHandler.m in Sources */ = {isa = PBXBuildFile; fileRef = 84E397821D13C5B20023A882 /* WXApiRequestHandler.m */; };
		84E397861D13C5DD0023A882 /* WXApiResponseHandler.m in Sources */ = {isa = PBXBuildFile; fileRef = 84E397851D13C5DD0023A882 /* WXApiResponseHandler.m */; };
		84E3979F1D13E9B10023A882 /* HttpRequest.m in Sources */ = {isa = PBXBuildFile; fileRef = 84E3979E1D13E9B10023A882 /* HttpRequest.m */; };
		84E397A61D13FF820023A882 /* PayReq+Request.m in Sources */ = {isa = PBXBuildFile; fileRef = 84E397A51D13FF820023A882 /* PayReq+Request.m */; };
		84E3F9DC1D1875B4009189DD /* MobileCoreServices.framework in Frameworks */ = {isa = PBXBuildFile; fileRef = 84E3F9DB1D1875B4009189DD /* MobileCoreServices.framework */; };
		84F029111D04752300F1CCD0 /* main.m in Sources */ = {isa = PBXBuildFile; fileRef = 84F029101D04752300F1CCD0 /* main.m */; };
		84F0291A1D04752300F1CCD0 /* Main.storyboard in Resources */ = {isa = PBXBuildFile; fileRef = 84F029181D04752300F1CCD0 /* Main.storyboard */; };
		84F0291C1D04752300F1CCD0 /* Assets.xcassets in Resources */ = {isa = PBXBuildFile; fileRef = 84F0291B1D04752300F1CCD0 /* Assets.xcassets */; };
		84F0291F1D04752300F1CCD0 /* LaunchScreen.storyboard in Resources */ = {isa = PBXBuildFile; fileRef = 84F0291D1D04752300F1CCD0 /* LaunchScreen.storyboard */; };
		84F0292A1D04752300F1CCD0 /* shopTests.m in Sources */ = {isa = PBXBuildFile; fileRef = 84F029291D04752300F1CCD0 /* shopTests.m */; };
		84F029351D04752300F1CCD0 /* shopUITests.m in Sources */ = {isa = PBXBuildFile; fileRef = 84F029341D04752300F1CCD0 /* shopUITests.m */; };
		84F3A2471D274DF700A71328 /* SendAuthReq+Request.m in Sources */ = {isa = PBXBuildFile; fileRef = 84F3A2461D274DF700A71328 /* SendAuthReq+Request.m */; };
		84F6E5081D37650F00E399D0 /* appIcon@2x.png in Resources */ = {isa = PBXBuildFile; fileRef = 84F6E5071D37650F00E399D0 /* appIcon@2x.png */; };
		84F6E50A1D37651800E399D0 /* appIcon@3x.png in Resources */ = {isa = PBXBuildFile; fileRef = 84F6E5091D37651800E399D0 /* appIcon@3x.png */; };
		B71D2260B05B8345045A98BE /* libPods.a in Frameworks */ = {isa = PBXBuildFile; fileRef = A8B76F05A019A89545238D47 /* libPods.a */; };
/* End PBXBuildFile section */

/* Begin PBXContainerItemProxy section */
		84F029261D04752300F1CCD0 /* PBXContainerItemProxy */ = {
			isa = PBXContainerItemProxy;
			containerPortal = 84F029041D04752300F1CCD0 /* Project object */;
			proxyType = 1;
			remoteGlobalIDString = 84F0290B1D04752300F1CCD0;
			remoteInfo = shop;
		};
		84F029311D04752300F1CCD0 /* PBXContainerItemProxy */ = {
			isa = PBXContainerItemProxy;
			containerPortal = 84F029041D04752300F1CCD0 /* Project object */;
			proxyType = 1;
			remoteGlobalIDString = 84F0290B1D04752300F1CCD0;
			remoteInfo = shop;
		};
/* End PBXContainerItemProxy section */

/* Begin PBXFileReference section */
		094D0C1F03EB3F60DC9635A1 /* Pods.release.xcconfig */ = {isa = PBXFileReference; includeInIndex = 1; lastKnownFileType = text.xcconfig; name = Pods.release.xcconfig; path = "Pods/Target Support Files/Pods/Pods.release.xcconfig"; sourceTree = "<group>"; };
		56D39856BC9656AB63757910 /* Pods.debug.xcconfig */ = {isa = PBXFileReference; includeInIndex = 1; lastKnownFileType = text.xcconfig; name = Pods.debug.xcconfig; path = "Pods/Target Support Files/Pods/Pods.debug.xcconfig"; sourceTree = "<group>"; };
		8403747A1D1684DC009D7D64 /* OrderUtil.h */ = {isa = PBXFileReference; fileEncoding = 4; lastKnownFileType = sourcecode.c.h; path = OrderUtil.h; sourceTree = "<group>"; };
		8403747B1D1684DC009D7D64 /* OrderUtil.m */ = {isa = PBXFileReference; fileEncoding = 4; lastKnownFileType = sourcecode.c.objc; path = OrderUtil.m; sourceTree = "<group>"; };
		8403747D1D168E6A009D7D64 /* IPAddress.c */ = {isa = PBXFileReference; fileEncoding = 4; lastKnownFileType = sourcecode.c.c; path = IPAddress.c; sourceTree = "<group>"; };
		8403747E1D168E6A009D7D64 /* IPAddress.h */ = {isa = PBXFileReference; fileEncoding = 4; lastKnownFileType = sourcecode.c.h; path = IPAddress.h; sourceTree = "<group>"; };
		840BADAF1D4EDFC60073FABB /* URLSetUtil.h */ = {isa = PBXFileReference; fileEncoding = 4; lastKnownFileType = sourcecode.c.h; path = URLSetUtil.h; sourceTree = "<group>"; };
		840BADB01D4EDFC60073FABB /* URLSetUtil.m */ = {isa = PBXFileReference; fileEncoding = 4; lastKnownFileType = sourcecode.c.objc; path = URLSetUtil.m; sourceTree = "<group>"; };
		844E76961D4999C1008B1BBD /* UIWebView+JavaScriptAlert.h */ = {isa = PBXFileReference; fileEncoding = 4; lastKnownFileType = sourcecode.c.h; path = "UIWebView+JavaScriptAlert.h"; sourceTree = "<group>"; };
		844E76971D4999C1008B1BBD /* UIWebView+JavaScriptAlert.m */ = {isa = PBXFileReference; fileEncoding = 4; lastKnownFileType = sourcecode.c.objc; path = "UIWebView+JavaScriptAlert.m"; sourceTree = "<group>"; };
		8487C75B1D0D8BD5004B8F6C /* AppDelegate.h */ = {isa = PBXFileReference; fileEncoding = 4; lastKnownFileType = sourcecode.c.h; path = AppDelegate.h; sourceTree = "<group>"; };
		8487C75C1D0D8BD5004B8F6C /* AppDelegate.m */ = {isa = PBXFileReference; fileEncoding = 4; lastKnownFileType = sourcecode.c.objc; path = AppDelegate.m; sourceTree = "<group>"; };
		8487C75E1D0D8BD5004B8F6C /* BaseAPI.h */ = {isa = PBXFileReference; fileEncoding = 4; lastKnownFileType = sourcecode.c.h; path = BaseAPI.h; sourceTree = "<group>"; };
		8487C75F1D0D8BD5004B8F6C /* BaseViewController.h */ = {isa = PBXFileReference; fileEncoding = 4; lastKnownFileType = sourcecode.c.h; path = BaseViewController.h; sourceTree = "<group>"; };
		8487C7601D0D8BD5004B8F6C /* BaseViewController.m */ = {isa = PBXFileReference; fileEncoding = 4; lastKnownFileType = sourcecode.c.objc; path = BaseViewController.m; sourceTree = "<group>"; };
		8487C7641D0D8BD5004B8F6C /* UIWebView+BlackColor.h */ = {isa = PBXFileReference; fileEncoding = 4; lastKnownFileType = sourcecode.c.h; path = "UIWebView+BlackColor.h"; sourceTree = "<group>"; };
		8487C7651D0D8BD5004B8F6C /* UIWebView+BlackColor.m */ = {isa = PBXFileReference; fileEncoding = 4; lastKnownFileType = sourcecode.c.objc; path = "UIWebView+BlackColor.m"; sourceTree = "<group>"; };
		8487C76E1D0DC90F004B8F6C /* Constants.h */ = {isa = PBXFileReference; lastKnownFileType = sourcecode.c.h; path = Constants.h; sourceTree = "<group>"; };
		8487C76F1D0DDF3F004B8F6C /* UINavigationController+Custom.h */ = {isa = PBXFileReference; fileEncoding = 4; lastKnownFileType = sourcecode.c.h; path = "UINavigationController+Custom.h"; sourceTree = "<group>"; };
		8487C7701D0DDF3F004B8F6C /* UINavigationController+Custom.m */ = {isa = PBXFileReference; fileEncoding = 4; lastKnownFileType = sourcecode.c.objc; path = "UINavigationController+Custom.m"; sourceTree = "<group>"; };
		84A7B4301D06CFFC001802B5 /* back-arrow@2x.png */ = {isa = PBXFileReference; lastKnownFileType = image.png; path = "back-arrow@2x.png"; sourceTree = "<group>"; };
		84A7B4321D06CFFC001802B5 /* back-arrow@3x.png */ = {isa = PBXFileReference; lastKnownFileType = image.png; path = "back-arrow@3x.png"; sourceTree = "<group>"; };
		84AA39891D184FB1001F12ED /* HttpViewController.swift */ = {isa = PBXFileReference; fileEncoding = 4; lastKnownFileType = sourcecode.swift; path = HttpViewController.swift; sourceTree = "<group>"; };
		84AA398C1D18512F001F12ED /* shop-Bridging-Header.h */ = {isa = PBXFileReference; lastKnownFileType = sourcecode.c.h; path = "shop-Bridging-Header.h"; sourceTree = "<group>"; };
		84B0A36C1D12A61F00215200 /* libWeChatSDK.a */ = {isa = PBXFileReference; lastKnownFileType = archive.ar; path = libWeChatSDK.a; sourceTree = "<group>"; };
		84B0A36E1D12A61F00215200 /* WechatAuthSDK.h */ = {isa = PBXFileReference; fileEncoding = 4; lastKnownFileType = sourcecode.c.h; path = WechatAuthSDK.h; sourceTree = "<group>"; };
		84B0A36F1D12A61F00215200 /* WXApi.h */ = {isa = PBXFileReference; fileEncoding = 4; lastKnownFileType = sourcecode.c.h; path = WXApi.h; sourceTree = "<group>"; };
		84B0A3701D12A61F00215200 /* WXApiObject.h */ = {isa = PBXFileReference; fileEncoding = 4; lastKnownFileType = sourcecode.c.h; path = WXApiObject.h; sourceTree = "<group>"; };
		84B0A3731D12A75600215200 /* SystemConfiguration.framework */ = {isa = PBXFileReference; lastKnownFileType = wrapper.framework; name = SystemConfiguration.framework; path = System/Library/Frameworks/SystemConfiguration.framework; sourceTree = SDKROOT; };
		84B0A3751D12A7AE00215200 /* libsqlite3.0.tbd */ = {isa = PBXFileReference; lastKnownFileType = "sourcecode.text-based-dylib-definition"; name = libsqlite3.0.tbd; path = usr/lib/libsqlite3.0.tbd; sourceTree = SDKROOT; };
		84B0A3771D12A7D400215200 /* libz.1.1.3.tbd */ = {isa = PBXFileReference; lastKnownFileType = "sourcecode.text-based-dylib-definition"; name = libz.1.1.3.tbd; path = usr/lib/libz.1.1.3.tbd; sourceTree = SDKROOT; };
		84B0A3791D12A80500215200 /* libc++.1.tbd */ = {isa = PBXFileReference; lastKnownFileType = "sourcecode.text-based-dylib-definition"; name = "libc++.1.tbd"; path = "usr/lib/libc++.1.tbd"; sourceTree = SDKROOT; };
		84B0A37B1D12AAB200215200 /* CoreTelephony.framework */ = {isa = PBXFileReference; lastKnownFileType = wrapper.framework; name = CoreTelephony.framework; path = System/Library/Frameworks/CoreTelephony.framework; sourceTree = SDKROOT; };
		84B0A37D1D12AAE300215200 /* UIKit.framework */ = {isa = PBXFileReference; lastKnownFileType = wrapper.framework; name = UIKit.framework; path = System/Library/Frameworks/UIKit.framework; sourceTree = SDKROOT; };
		84B0A37F1D12AB3200215200 /* Foundation.framework */ = {isa = PBXFileReference; lastKnownFileType = wrapper.framework; name = Foundation.framework; path = System/Library/Frameworks/Foundation.framework; sourceTree = SDKROOT; };
		84B0A3881D12B59500215200 /* WXApiManager.h */ = {isa = PBXFileReference; fileEncoding = 4; lastKnownFileType = sourcecode.c.h; path = WXApiManager.h; sourceTree = "<group>"; };
		84B0A3891D12B59500215200 /* WXApiManager.m */ = {isa = PBXFileReference; fileEncoding = 4; lastKnownFileType = sourcecode.c.objc; path = WXApiManager.m; sourceTree = "<group>"; };
		84BCAA0E1D2021B1003341AD /* UserDefault.h */ = {isa = PBXFileReference; fileEncoding = 4; lastKnownFileType = sourcecode.c.h; path = UserDefault.h; sourceTree = "<group>"; };
		84BCAA0F1D2021B1003341AD /* UserDefault.m */ = {isa = PBXFileReference; fileEncoding = 4; lastKnownFileType = sourcecode.c.objc; path = UserDefault.m; sourceTree = "<group>"; };
		84C7B15C1D23FB470028B09D /* libSign.a */ = {isa = PBXFileReference; lastKnownFileType = archive.ar; path = libSign.a; sourceTree = "<group>"; };
		84C7B15E1D23FB5E0028B09D /* Sign.h */ = {isa = PBXFileReference; lastKnownFileType = sourcecode.c.h; path = Sign.h; sourceTree = "<group>"; };
		84D1D2D71D19108300F47C44 /* XMLUtil.h */ = {isa = PBXFileReference; fileEncoding = 4; lastKnownFileType = sourcecode.c.h; path = XMLUtil.h; sourceTree = "<group>"; };
		84D1D2D81D19108300F47C44 /* XMLUtil.m */ = {isa = PBXFileReference; fileEncoding = 4; lastKnownFileType = sourcecode.c.objc; path = XMLUtil.m; sourceTree = "<group>"; };
		84D1D2DA1D1910B700F47C44 /* PayModel.h */ = {isa = PBXFileReference; fileEncoding = 4; lastKnownFileType = sourcecode.c.h; path = PayModel.h; sourceTree = "<group>"; };
		84D1D2DB1D1910B700F47C44 /* PayModel.m */ = {isa = PBXFileReference; fileEncoding = 4; lastKnownFileType = sourcecode.c.objc; path = PayModel.m; sourceTree = "<group>"; };
		84D93AA31D15B92E00F282AB /* libxml2.2.tbd */ = {isa = PBXFileReference; lastKnownFileType = "sourcecode.text-based-dylib-definition"; name = libxml2.2.tbd; path = usr/lib/libxml2.2.tbd; sourceTree = SDKROOT; };
		84D93AA91D15C2D000F282AB /* ViewController.h */ = {isa = PBXFileReference; fileEncoding = 4; lastKnownFileType = sourcecode.c.h; path = ViewController.h; sourceTree = "<group>"; };
		84D93AAA1D15C2D000F282AB /* ViewController.m */ = {isa = PBXFileReference; fileEncoding = 4; lastKnownFileType = sourcecode.c.objc; path = ViewController.m; sourceTree = "<group>"; };
		84D93AAC1D15C43400F282AB /* BridgeController.h */ = {isa = PBXFileReference; fileEncoding = 4; lastKnownFileType = sourcecode.c.h; path = BridgeController.h; sourceTree = "<group>"; };
		84D93AAD1D15C43400F282AB /* BridgeController.m */ = {isa = PBXFileReference; fileEncoding = 4; lastKnownFileType = sourcecode.c.objc; path = BridgeController.m; sourceTree = "<group>"; };
		84E3190B1D11B1720094F1FE /* NSString+MD5.h */ = {isa = PBXFileReference; fileEncoding = 4; lastKnownFileType = sourcecode.c.h; path = "NSString+MD5.h"; sourceTree = "<group>"; };
		84E3190C1D11B1720094F1FE /* NSString+MD5.m */ = {isa = PBXFileReference; fileEncoding = 4; lastKnownFileType = sourcecode.c.objc; path = "NSString+MD5.m"; sourceTree = "<group>"; };
		84E397811D13C5B20023A882 /* WXApiRequestHandler.h */ = {isa = PBXFileReference; fileEncoding = 4; lastKnownFileType = sourcecode.c.h; path = WXApiRequestHandler.h; sourceTree = "<group>"; };
		84E397821D13C5B20023A882 /* WXApiRequestHandler.m */ = {isa = PBXFileReference; fileEncoding = 4; lastKnownFileType = sourcecode.c.objc; path = WXApiRequestHandler.m; sourceTree = "<group>"; };
		84E397841D13C5DD0023A882 /* WXApiResponseHandler.h */ = {isa = PBXFileReference; fileEncoding = 4; lastKnownFileType = sourcecode.c.h; path = WXApiResponseHandler.h; sourceTree = "<group>"; };
		84E397851D13C5DD0023A882 /* WXApiResponseHandler.m */ = {isa = PBXFileReference; fileEncoding = 4; lastKnownFileType = sourcecode.c.objc; path = WXApiResponseHandler.m; sourceTree = "<group>"; };
		84E3979D1D13E9B10023A882 /* HttpRequest.h */ = {isa = PBXFileReference; fileEncoding = 4; lastKnownFileType = sourcecode.c.h; path = HttpRequest.h; sourceTree = "<group>"; };
		84E3979E1D13E9B10023A882 /* HttpRequest.m */ = {isa = PBXFileReference; fileEncoding = 4; lastKnownFileType = sourcecode.c.objc; path = HttpRequest.m; sourceTree = "<group>"; };
		84E397A01D13F63A0023A882 /* HttpTag.h */ = {isa = PBXFileReference; lastKnownFileType = sourcecode.c.h; path = HttpTag.h; sourceTree = "<group>"; };
		84E397A41D13FF820023A882 /* PayReq+Request.h */ = {isa = PBXFileReference; fileEncoding = 4; lastKnownFileType = sourcecode.c.h; path = "PayReq+Request.h"; sourceTree = "<group>"; };
		84E397A51D13FF820023A882 /* PayReq+Request.m */ = {isa = PBXFileReference; fileEncoding = 4; lastKnownFileType = sourcecode.c.objc; path = "PayReq+Request.m"; sourceTree = "<group>"; };
		84E3F9DB1D1875B4009189DD /* MobileCoreServices.framework */ = {isa = PBXFileReference; lastKnownFileType = wrapper.framework; name = MobileCoreServices.framework; path = System/Library/Frameworks/MobileCoreServices.framework; sourceTree = SDKROOT; };
		84F0290C1D04752300F1CCD0 /* 丁丁云购.app */ = {isa = PBXFileReference; explicitFileType = wrapper.application; includeInIndex = 0; path = "丁丁云购.app"; sourceTree = BUILT_PRODUCTS_DIR; };
		84F029101D04752300F1CCD0 /* main.m */ = {isa = PBXFileReference; lastKnownFileType = sourcecode.c.objc; path = main.m; sourceTree = "<group>"; };
		84F029191D04752300F1CCD0 /* Base */ = {isa = PBXFileReference; lastKnownFileType = file.storyboard; name = Base; path = Base.lproj/Main.storyboard; sourceTree = "<group>"; };
		84F0291B1D04752300F1CCD0 /* Assets.xcassets */ = {isa = PBXFileReference; lastKnownFileType = folder.assetcatalog; path = Assets.xcassets; sourceTree = "<group>"; };
		84F0291E1D04752300F1CCD0 /* Base */ = {isa = PBXFileReference; lastKnownFileType = file.storyboard; name = Base; path = Base.lproj/LaunchScreen.storyboard; sourceTree = "<group>"; };
		84F029201D04752300F1CCD0 /* Info.plist */ = {isa = PBXFileReference; lastKnownFileType = text.plist.xml; path = Info.plist; sourceTree = "<group>"; };
		84F029251D04752300F1CCD0 /* shop.xctest */ = {isa = PBXFileReference; explicitFileType = wrapper.cfbundle; includeInIndex = 0; path = shop.xctest; sourceTree = BUILT_PRODUCTS_DIR; };
		84F029291D04752300F1CCD0 /* shopTests.m */ = {isa = PBXFileReference; lastKnownFileType = sourcecode.c.objc; path = shopTests.m; sourceTree = "<group>"; };
		84F0292B1D04752300F1CCD0 /* Info.plist */ = {isa = PBXFileReference; lastKnownFileType = text.plist.xml; path = Info.plist; sourceTree = "<group>"; };
		84F029301D04752300F1CCD0 /* shop.xctest */ = {isa = PBXFileReference; explicitFileType = wrapper.cfbundle; includeInIndex = 0; path = shop.xctest; sourceTree = BUILT_PRODUCTS_DIR; };
		84F029341D04752300F1CCD0 /* shopUITests.m */ = {isa = PBXFileReference; lastKnownFileType = sourcecode.c.objc; path = shopUITests.m; sourceTree = "<group>"; };
		84F029361D04752300F1CCD0 /* Info.plist */ = {isa = PBXFileReference; lastKnownFileType = text.plist.xml; path = Info.plist; sourceTree = "<group>"; };
		84F3A2451D274DF700A71328 /* SendAuthReq+Request.h */ = {isa = PBXFileReference; fileEncoding = 4; lastKnownFileType = sourcecode.c.h; path = "SendAuthReq+Request.h"; sourceTree = "<group>"; };
		84F3A2461D274DF700A71328 /* SendAuthReq+Request.m */ = {isa = PBXFileReference; fileEncoding = 4; lastKnownFileType = sourcecode.c.objc; path = "SendAuthReq+Request.m"; sourceTree = "<group>"; };
		84F6E5071D37650F00E399D0 /* appIcon@2x.png */ = {isa = PBXFileReference; lastKnownFileType = image.png; path = "appIcon@2x.png"; sourceTree = "<group>"; };
		84F6E5091D37651800E399D0 /* appIcon@3x.png */ = {isa = PBXFileReference; lastKnownFileType = image.png; path = "appIcon@3x.png"; sourceTree = "<group>"; };
		A8B76F05A019A89545238D47 /* libPods.a */ = {isa = PBXFileReference; explicitFileType = archive.ar; includeInIndex = 0; path = libPods.a; sourceTree = BUILT_PRODUCTS_DIR; };
/* End PBXFileReference section */

/* Begin PBXFrameworksBuildPhase section */
		84F029091D04752300F1CCD0 /* Frameworks */ = {
			isa = PBXFrameworksBuildPhase;
			buildActionMask = 2147483647;
			files = (
				84E3F9DC1D1875B4009189DD /* MobileCoreServices.framework in Frameworks */,
				84D93AA41D15B92E00F282AB /* libxml2.2.tbd in Frameworks */,
				84B0A3801D12AB3200215200 /* Foundation.framework in Frameworks */,
				84B0A37E1D12AAE300215200 /* UIKit.framework in Frameworks */,
				84B0A37C1D12AAB200215200 /* CoreTelephony.framework in Frameworks */,
				84B0A37A1D12A80500215200 /* libc++.1.tbd in Frameworks */,
				84B0A3781D12A7D400215200 /* libz.1.1.3.tbd in Frameworks */,
				84B0A3761D12A7AE00215200 /* libsqlite3.0.tbd in Frameworks */,
				84C7B15D1D23FB470028B09D /* libSign.a in Frameworks */,
				84B0A3741D12A75600215200 /* SystemConfiguration.framework in Frameworks */,
				84B0A3711D12A61F00215200 /* libWeChatSDK.a in Frameworks */,
				B71D2260B05B8345045A98BE /* libPods.a in Frameworks */,
			);
			runOnlyForDeploymentPostprocessing = 0;
		};
		84F029221D04752300F1CCD0 /* Frameworks */ = {
			isa = PBXFrameworksBuildPhase;
			buildActionMask = 2147483647;
			files = (
			);
			runOnlyForDeploymentPostprocessing = 0;
		};
		84F0292D1D04752300F1CCD0 /* Frameworks */ = {
			isa = PBXFrameworksBuildPhase;
			buildActionMask = 2147483647;
			files = (
			);
			runOnlyForDeploymentPostprocessing = 0;
		};
/* End PBXFrameworksBuildPhase section */

/* Begin PBXGroup section */
		5C29C2DB6099C8F7412050F1 /* Frameworks */ = {
			isa = PBXGroup;
			children = (
				84E3F9DB1D1875B4009189DD /* MobileCoreServices.framework */,
				84D93AA31D15B92E00F282AB /* libxml2.2.tbd */,
				84B0A37F1D12AB3200215200 /* Foundation.framework */,
				84B0A37D1D12AAE300215200 /* UIKit.framework */,
				84B0A37B1D12AAB200215200 /* CoreTelephony.framework */,
				84B0A3791D12A80500215200 /* libc++.1.tbd */,
				84B0A3771D12A7D400215200 /* libz.1.1.3.tbd */,
				84B0A3751D12A7AE00215200 /* libsqlite3.0.tbd */,
				84B0A3731D12A75600215200 /* SystemConfiguration.framework */,
				A8B76F05A019A89545238D47 /* libPods.a */,
			);
			name = Frameworks;
			sourceTree = "<group>";
		};
		8487C75A1D0D8BD5004B8F6C /* app */ = {
			isa = PBXGroup;
			children = (
				8487C75B1D0D8BD5004B8F6C /* AppDelegate.h */,
				8487C75C1D0D8BD5004B8F6C /* AppDelegate.m */,
			);
			path = app;
			sourceTree = "<group>";
		};
		8487C75D1D0D8BD5004B8F6C /* base */ = {
			isa = PBXGroup;
			children = (
				8487C75E1D0D8BD5004B8F6C /* BaseAPI.h */,
				8487C75F1D0D8BD5004B8F6C /* BaseViewController.h */,
				8487C7601D0D8BD5004B8F6C /* BaseViewController.m */,
				8487C76E1D0DC90F004B8F6C /* Constants.h */,
			);
			path = base;
			sourceTree = "<group>";
		};
		8487C7631D0D8BD5004B8F6C /* category */ = {
			isa = PBXGroup;
			children = (
				84E3190B1D11B1720094F1FE /* NSString+MD5.h */,
				84E3190C1D11B1720094F1FE /* NSString+MD5.m */,
				8487C7641D0D8BD5004B8F6C /* UIWebView+BlackColor.h */,
				8487C7651D0D8BD5004B8F6C /* UIWebView+BlackColor.m */,
				8487C76F1D0DDF3F004B8F6C /* UINavigationController+Custom.h */,
				8487C7701D0DDF3F004B8F6C /* UINavigationController+Custom.m */,
				844E76961D4999C1008B1BBD /* UIWebView+JavaScriptAlert.h */,
				844E76971D4999C1008B1BBD /* UIWebView+JavaScriptAlert.m */,
			);
			path = category;
			sourceTree = "<group>";
		};
		8487C7661D0D8BD5004B8F6C /* main */ = {
			isa = PBXGroup;
			children = (
				84D93AA51D15C2D000F282AB /* ui */,
				84E3190E1D11B1CB0094F1FE /* tools */,
			);
			path = main;
			sourceTree = "<group>";
		};
		84970A6E1D53003000A548D3 /* Core */ = {
			isa = PBXGroup;
			children = (
				84970A6F1D53005000A548D3 /* Network */,
			);
			path = Core;
			sourceTree = "<group>";
		};
		84970A6F1D53005000A548D3 /* Network */ = {
			isa = PBXGroup;
			children = (
			);
			path = Network;
			sourceTree = "<group>";
		};
		84A7B42E1D06CFFC001802B5 /* res */ = {
			isa = PBXGroup;
			children = (
				84A7B42F1D06CFFC001802B5 /* @2x */,
				84A7B4311D06CFFC001802B5 /* @3x */,
			);
			path = res;
			sourceTree = "<group>";
		};
		84A7B42F1D06CFFC001802B5 /* @2x */ = {
			isa = PBXGroup;
			children = (
				84F6E5071D37650F00E399D0 /* appIcon@2x.png */,
				84A7B4301D06CFFC001802B5 /* back-arrow@2x.png */,
			);
			path = "@2x";
			sourceTree = "<group>";
		};
		84A7B4311D06CFFC001802B5 /* @3x */ = {
			isa = PBXGroup;
			children = (
				84F6E5091D37651800E399D0 /* appIcon@3x.png */,
				84A7B4321D06CFFC001802B5 /* back-arrow@3x.png */,
			);
			path = "@3x";
			sourceTree = "<group>";
		};
		84AA398B1D185114001F12ED /* bridge */ = {
			isa = PBXGroup;
			children = (
				84AA398C1D18512F001F12ED /* shop-Bridging-Header.h */,
			);
			path = bridge;
			sourceTree = "<group>";
		};
		84B0A3691D12A36E00215200 /* sdk */ = {
			isa = PBXGroup;
			children = (
				84B0A36A1D12A3CC00215200 /* Wechat */,
			);
			path = sdk;
			sourceTree = "<group>";
		};
		84B0A36A1D12A3CC00215200 /* Wechat */ = {
			isa = PBXGroup;
			children = (
				84C7B15E1D23FB5E0028B09D /* Sign.h */,
				84C7B15C1D23FB470028B09D /* libSign.a */,
				84B0A36C1D12A61F00215200 /* libWeChatSDK.a */,
				84B0A36E1D12A61F00215200 /* WechatAuthSDK.h */,
				84B0A36F1D12A61F00215200 /* WXApi.h */,
				84B0A3701D12A61F00215200 /* WXApiObject.h */,
			);
			path = Wechat;
			sourceTree = "<group>";
		};
		84B0A3841D12B51400215200 /* control */ = {
			isa = PBXGroup;
			children = (
				84B0A3871D12B55300215200 /* wechat */,
			);
			path = control;
			sourceTree = "<group>";
		};
		84B0A3851D12B51400215200 /* helper */ = {
			isa = PBXGroup;
			children = (
				84B0A3861D12B54200215200 /* wechat */,
			);
			path = helper;
			sourceTree = "<group>";
		};
		84B0A3861D12B54200215200 /* wechat */ = {
			isa = PBXGroup;
			children = (
				84E397A41D13FF820023A882 /* PayReq+Request.h */,
				84E397A51D13FF820023A882 /* PayReq+Request.m */,
				84F3A2451D274DF700A71328 /* SendAuthReq+Request.h */,
				84F3A2461D274DF700A71328 /* SendAuthReq+Request.m */,
			);
			path = wechat;
			sourceTree = "<group>";
		};
		84B0A3871D12B55300215200 /* wechat */ = {
			isa = PBXGroup;
			children = (
				84B0A3881D12B59500215200 /* WXApiManager.h */,
				84B0A3891D12B59500215200 /* WXApiManager.m */,
				84E397811D13C5B20023A882 /* WXApiRequestHandler.h */,
				84E397821D13C5B20023A882 /* WXApiRequestHandler.m */,
				84E397841D13C5DD0023A882 /* WXApiResponseHandler.h */,
				84E397851D13C5DD0023A882 /* WXApiResponseHandler.m */,
			);
			path = wechat;
			sourceTree = "<group>";
		};
		84D93AA51D15C2D000F282AB /* ui */ = {
			isa = PBXGroup;
			children = (
				84D93AA61D15C2D000F282AB /* controller */,
				84D93AA71D15C2D000F282AB /* model */,
				84D93AA81D15C2D000F282AB /* viewcontroller */,
			);
			path = ui;
			sourceTree = "<group>";
		};
		84D93AA61D15C2D000F282AB /* controller */ = {
			isa = PBXGroup;
			children = (
				84D93AAC1D15C43400F282AB /* BridgeController.h */,
				84D93AAD1D15C43400F282AB /* BridgeController.m */,
			);
			path = controller;
			sourceTree = "<group>";
		};
		84D93AA71D15C2D000F282AB /* model */ = {
			isa = PBXGroup;
			children = (
				84D1D2DA1D1910B700F47C44 /* PayModel.h */,
				84D1D2DB1D1910B700F47C44 /* PayModel.m */,
			);
			path = model;
			sourceTree = "<group>";
		};
		84D93AA81D15C2D000F282AB /* viewcontroller */ = {
			isa = PBXGroup;
			children = (
				84D93AA91D15C2D000F282AB /* ViewController.h */,
				84D93AAA1D15C2D000F282AB /* ViewController.m */,
			);
			path = viewcontroller;
			sourceTree = "<group>";
		};
		84E3190E1D11B1CB0094F1FE /* tools */ = {
			isa = PBXGroup;
			children = (
				84BCAA0E1D2021B1003341AD /* UserDefault.h */,
				84BCAA0F1D2021B1003341AD /* UserDefault.m */,
				8403747A1D1684DC009D7D64 /* OrderUtil.h */,
				8403747B1D1684DC009D7D64 /* OrderUtil.m */,
				8403747D1D168E6A009D7D64 /* IPAddress.c */,
				8403747E1D168E6A009D7D64 /* IPAddress.h */,
				84D1D2D71D19108300F47C44 /* XMLUtil.h */,
				84D1D2D81D19108300F47C44 /* XMLUtil.m */,
				840BADAF1D4EDFC60073FABB /* URLSetUtil.h */,
				840BADB01D4EDFC60073FABB /* URLSetUtil.m */,
			);
			path = tools;
			sourceTree = "<group>";
		};
		84E3979C1D13E9690023A882 /* network */ = {
			isa = PBXGroup;
			children = (
				84E3979D1D13E9B10023A882 /* HttpRequest.h */,
				84E3979E1D13E9B10023A882 /* HttpRequest.m */,
				84E397A01D13F63A0023A882 /* HttpTag.h */,
				84AA39891D184FB1001F12ED /* HttpViewController.swift */,
			);
			path = network;
			sourceTree = "<group>";
		};
		84F029031D04752200F1CCD0 = {
			isa = PBXGroup;
			children = (
				84F0290E1D04752300F1CCD0 /* shop */,
				84F029281D04752300F1CCD0 /* shopTests */,
				84F029331D04752300F1CCD0 /* shopUITests */,
				84F0290D1D04752300F1CCD0 /* Products */,
				914163C6DC73FD6AA2ED7AD8 /* Pods */,
				5C29C2DB6099C8F7412050F1 /* Frameworks */,
			);
			sourceTree = "<group>";
		};
		84F0290D1D04752300F1CCD0 /* Products */ = {
			isa = PBXGroup;
			children = (
				84F0290C1D04752300F1CCD0 /* 丁丁云购.app */,
				84F029251D04752300F1CCD0 /* shop.xctest */,
				84F029301D04752300F1CCD0 /* shop.xctest */,
			);
			name = Products;
			sourceTree = "<group>";
		};
		84F0290E1D04752300F1CCD0 /* shop */ = {
			isa = PBXGroup;
			children = (
				84970A6E1D53003000A548D3 /* Core */,
				84AA398B1D185114001F12ED /* bridge */,
				84E3979C1D13E9690023A882 /* network */,
				84B0A3841D12B51400215200 /* control */,
				84B0A3851D12B51400215200 /* helper */,
				8487C75A1D0D8BD5004B8F6C /* app */,
				8487C75D1D0D8BD5004B8F6C /* base */,
				8487C7631D0D8BD5004B8F6C /* category */,
				8487C7661D0D8BD5004B8F6C /* main */,
				84F029181D04752300F1CCD0 /* Main.storyboard */,
				84A7B42E1D06CFFC001802B5 /* res */,
				84B0A3691D12A36E00215200 /* sdk */,
				84F0291B1D04752300F1CCD0 /* Assets.xcassets */,
				84F0291D1D04752300F1CCD0 /* LaunchScreen.storyboard */,
				84F029201D04752300F1CCD0 /* Info.plist */,
				84F0290F1D04752300F1CCD0 /* Supporting Files */,
			);
			path = shop;
			sourceTree = "<group>";
		};
		84F0290F1D04752300F1CCD0 /* Supporting Files */ = {
			isa = PBXGroup;
			children = (
				84F029101D04752300F1CCD0 /* main.m */,
			);
			name = "Supporting Files";
			sourceTree = "<group>";
		};
		84F029281D04752300F1CCD0 /* shopTests */ = {
			isa = PBXGroup;
			children = (
				84F029291D04752300F1CCD0 /* shopTests.m */,
				84F0292B1D04752300F1CCD0 /* Info.plist */,
			);
			path = shopTests;
			sourceTree = "<group>";
		};
		84F029331D04752300F1CCD0 /* shopUITests */ = {
			isa = PBXGroup;
			children = (
				84F029341D04752300F1CCD0 /* shopUITests.m */,
				84F029361D04752300F1CCD0 /* Info.plist */,
			);
			path = shopUITests;
			sourceTree = "<group>";
		};
		914163C6DC73FD6AA2ED7AD8 /* Pods */ = {
			isa = PBXGroup;
			children = (
				56D39856BC9656AB63757910 /* Pods.debug.xcconfig */,
				094D0C1F03EB3F60DC9635A1 /* Pods.release.xcconfig */,
			);
			name = Pods;
			sourceTree = "<group>";
		};
/* End PBXGroup section */

/* Begin PBXNativeTarget section */
		84F0290B1D04752300F1CCD0 /* shop */ = {
			isa = PBXNativeTarget;
			buildConfigurationList = 84F029391D04752300F1CCD0 /* Build configuration list for PBXNativeTarget "shop" */;
			buildPhases = (
				294EDBEEF6CF198DCE8E648C /* Check Pods Manifest.lock */,
				84F029081D04752300F1CCD0 /* Sources */,
				84F029091D04752300F1CCD0 /* Frameworks */,
				84F0290A1D04752300F1CCD0 /* Resources */,
				11777CCB6168E99FAEC20518 /* Embed Pods Frameworks */,
				BB45E7777CED967B4A4488D6 /* Copy Pods Resources */,
			);
			buildRules = (
			);
			dependencies = (
			);
			name = shop;
			productName = shop;
			productReference = 84F0290C1D04752300F1CCD0 /* 丁丁云购.app */;
			productType = "com.apple.product-type.application";
		};
		84F029241D04752300F1CCD0 /* shopTests */ = {
			isa = PBXNativeTarget;
			buildConfigurationList = 84F0293C1D04752300F1CCD0 /* Build configuration list for PBXNativeTarget "shopTests" */;
			buildPhases = (
				84F029211D04752300F1CCD0 /* Sources */,
				84F029221D04752300F1CCD0 /* Frameworks */,
				84F029231D04752300F1CCD0 /* Resources */,
			);
			buildRules = (
			);
			dependencies = (
				84F029271D04752300F1CCD0 /* PBXTargetDependency */,
			);
			name = shopTests;
			productName = shopTests;
			productReference = 84F029251D04752300F1CCD0 /* shop.xctest */;
			productType = "com.apple.product-type.bundle.unit-test";
		};
		84F0292F1D04752300F1CCD0 /* shopUITests */ = {
			isa = PBXNativeTarget;
			buildConfigurationList = 84F0293F1D04752300F1CCD0 /* Build configuration list for PBXNativeTarget "shopUITests" */;
			buildPhases = (
				84F0292C1D04752300F1CCD0 /* Sources */,
				84F0292D1D04752300F1CCD0 /* Frameworks */,
				84F0292E1D04752300F1CCD0 /* Resources */,
			);
			buildRules = (
			);
			dependencies = (
				84F029321D04752300F1CCD0 /* PBXTargetDependency */,
			);
			name = shopUITests;
			productName = shopUITests;
			productReference = 84F029301D04752300F1CCD0 /* shop.xctest */;
			productType = "com.apple.product-type.bundle.ui-testing";
		};
/* End PBXNativeTarget section */

/* Begin PBXProject section */
		84F029041D04752300F1CCD0 /* Project object */ = {
			isa = PBXProject;
			attributes = {
				LastUpgradeCheck = 0730;
				ORGANIZATIONNAME = ishi;
				TargetAttributes = {
					84F0290B1D04752300F1CCD0 = {
						CreatedOnToolsVersion = 7.3.1;
						DevelopmentTeam = QJNCKRFW6Z;
					};
					84F029241D04752300F1CCD0 = {
						CreatedOnToolsVersion = 7.3.1;
						TestTargetID = 84F0290B1D04752300F1CCD0;
					};
					84F0292F1D04752300F1CCD0 = {
						CreatedOnToolsVersion = 7.3.1;
						TestTargetID = 84F0290B1D04752300F1CCD0;
					};
				};
			};
			buildConfigurationList = 84F029071D04752300F1CCD0 /* Build configuration list for PBXProject "shop" */;
			compatibilityVersion = "Xcode 3.2";
			developmentRegion = English;
			hasScannedForEncodings = 0;
			knownRegions = (
				en,
				Base,
			);
			mainGroup = 84F029031D04752200F1CCD0;
			productRefGroup = 84F0290D1D04752300F1CCD0 /* Products */;
			projectDirPath = "";
			projectRoot = "";
			targets = (
				84F0290B1D04752300F1CCD0 /* shop */,
				84F029241D04752300F1CCD0 /* shopTests */,
				84F0292F1D04752300F1CCD0 /* shopUITests */,
			);
		};
/* End PBXProject section */

/* Begin PBXResourcesBuildPhase section */
		84F0290A1D04752300F1CCD0 /* Resources */ = {
			isa = PBXResourcesBuildPhase;
			buildActionMask = 2147483647;
			files = (
				84F0291F1D04752300F1CCD0 /* LaunchScreen.storyboard in Resources */,
				84F0291C1D04752300F1CCD0 /* Assets.xcassets in Resources */,
				84F6E50A1D37651800E399D0 /* appIcon@3x.png in Resources */,
				84F0291A1D04752300F1CCD0 /* Main.storyboard in Resources */,
				84F6E5081D37650F00E399D0 /* appIcon@2x.png in Resources */,
				84A7B4341D06CFFC001802B5 /* back-arrow@3x.png in Resources */,
				84A7B4331D06CFFC001802B5 /* back-arrow@2x.png in Resources */,
			);
			runOnlyForDeploymentPostprocessing = 0;
		};
		84F029231D04752300F1CCD0 /* Resources */ = {
			isa = PBXResourcesBuildPhase;
			buildActionMask = 2147483647;
			files = (
			);
			runOnlyForDeploymentPostprocessing = 0;
		};
		84F0292E1D04752300F1CCD0 /* Resources */ = {
			isa = PBXResourcesBuildPhase;
			buildActionMask = 2147483647;
			files = (
			);
			runOnlyForDeploymentPostprocessing = 0;
		};
/* End PBXResourcesBuildPhase section */

/* Begin PBXShellScriptBuildPhase section */
		11777CCB6168E99FAEC20518 /* Embed Pods Frameworks */ = {
			isa = PBXShellScriptBuildPhase;
			buildActionMask = 2147483647;
			files = (
			);
			inputPaths = (
			);
			name = "Embed Pods Frameworks";
			outputPaths = (
			);
			runOnlyForDeploymentPostprocessing = 0;
			shellPath = /bin/sh;
			shellScript = "\"${SRCROOT}/Pods/Target Support Files/Pods/Pods-frameworks.sh\"\n";
			showEnvVarsInLog = 0;
		};
		294EDBEEF6CF198DCE8E648C /* Check Pods Manifest.lock */ = {
			isa = PBXShellScriptBuildPhase;
			buildActionMask = 2147483647;
			files = (
			);
			inputPaths = (
			);
			name = "Check Pods Manifest.lock";
			outputPaths = (
			);
			runOnlyForDeploymentPostprocessing = 0;
			shellPath = /bin/sh;
			shellScript = "diff \"${PODS_ROOT}/../Podfile.lock\" \"${PODS_ROOT}/Manifest.lock\" > /dev/null\nif [[ $? != 0 ]] ; then\n    cat << EOM\nerror: The sandbox is not in sync with the Podfile.lock. Run 'pod install' or update your CocoaPods installation.\nEOM\n    exit 1\nfi\n";
			showEnvVarsInLog = 0;
		};
		BB45E7777CED967B4A4488D6 /* Copy Pods Resources */ = {
			isa = PBXShellScriptBuildPhase;
			buildActionMask = 2147483647;
			files = (
			);
			inputPaths = (
			);
			name = "Copy Pods Resources";
			outputPaths = (
			);
			runOnlyForDeploymentPostprocessing = 0;
			shellPath = /bin/sh;
			shellScript = "\"${SRCROOT}/Pods/Target Support Files/Pods/Pods-resources.sh\"\n";
			showEnvVarsInLog = 0;
		};
/* End PBXShellScriptBuildPhase section */

/* Begin PBXSourcesBuildPhase section */
		84F029081D04752300F1CCD0 /* Sources */ = {
			isa = PBXSourcesBuildPhase;
			buildActionMask = 2147483647;
			files = (
				84BCAA101D2021B1003341AD /* UserDefault.m in Sources */,
				8487C7711D0DDF3F004B8F6C /* UINavigationController+Custom.m in Sources */,
				8487C7691D0D8BD5004B8F6C /* AppDelegate.m in Sources */,
				84AA398A1D184FB1001F12ED /* HttpViewController.swift in Sources */,
				840BADB11D4EDFC60073FABB /* URLSetUtil.m in Sources */,
				84E3979F1D13E9B10023A882 /* HttpRequest.m in Sources */,
				8487C76C1D0D8BD5004B8F6C /* UIWebView+BlackColor.m in Sources */,
				84D93AAE1D15C43400F282AB /* BridgeController.m in Sources */,
				8487C76A1D0D8BD5004B8F6C /* BaseViewController.m in Sources */,
				84F3A2471D274DF700A71328 /* SendAuthReq+Request.m in Sources */,
				84B0A38A1D12B59500215200 /* WXApiManager.m in Sources */,
				844E76981D4999C1008B1BBD /* UIWebView+JavaScriptAlert.m in Sources */,
				84D93AAB1D15C2D000F282AB /* ViewController.m in Sources */,
				84F029111D04752300F1CCD0 /* main.m in Sources */,
				84E397831D13C5B20023A882 /* WXApiRequestHandler.m in Sources */,
				8403747C1D1684DC009D7D64 /* OrderUtil.m in Sources */,
				8403747F1D168E6A009D7D64 /* IPAddress.c in Sources */,
				84D1D2D91D19108300F47C44 /* XMLUtil.m in Sources */,
				84D1D2DC1D1910B700F47C44 /* PayModel.m in Sources */,
				84E397A61D13FF820023A882 /* PayReq+Request.m in Sources */,
				84E3190D1D11B1720094F1FE /* NSString+MD5.m in Sources */,
				84E397861D13C5DD0023A882 /* WXApiResponseHandler.m in Sources */,
			);
			runOnlyForDeploymentPostprocessing = 0;
		};
		84F029211D04752300F1CCD0 /* Sources */ = {
			isa = PBXSourcesBuildPhase;
			buildActionMask = 2147483647;
			files = (
				84F0292A1D04752300F1CCD0 /* shopTests.m in Sources */,
			);
			runOnlyForDeploymentPostprocessing = 0;
		};
		84F0292C1D04752300F1CCD0 /* Sources */ = {
			isa = PBXSourcesBuildPhase;
			buildActionMask = 2147483647;
			files = (
				84F029351D04752300F1CCD0 /* shopUITests.m in Sources */,
			);
			runOnlyForDeploymentPostprocessing = 0;
		};
/* End PBXSourcesBuildPhase section */

/* Begin PBXTargetDependency section */
		84F029271D04752300F1CCD0 /* PBXTargetDependency */ = {
			isa = PBXTargetDependency;
			target = 84F0290B1D04752300F1CCD0 /* shop */;
			targetProxy = 84F029261D04752300F1CCD0 /* PBXContainerItemProxy */;
		};
		84F029321D04752300F1CCD0 /* PBXTargetDependency */ = {
			isa = PBXTargetDependency;
			target = 84F0290B1D04752300F1CCD0 /* shop */;
			targetProxy = 84F029311D04752300F1CCD0 /* PBXContainerItemProxy */;
		};
/* End PBXTargetDependency section */

/* Begin PBXVariantGroup section */
		84F029181D04752300F1CCD0 /* Main.storyboard */ = {
			isa = PBXVariantGroup;
			children = (
				84F029191D04752300F1CCD0 /* Base */,
			);
			name = Main.storyboard;
			sourceTree = "<group>";
		};
		84F0291D1D04752300F1CCD0 /* LaunchScreen.storyboard */ = {
			isa = PBXVariantGroup;
			children = (
				84F0291E1D04752300F1CCD0 /* Base */,
			);
			name = LaunchScreen.storyboard;
			sourceTree = "<group>";
		};
/* End PBXVariantGroup section */

/* Begin XCBuildConfiguration section */
		84F029371D04752300F1CCD0 /* Debug */ = {
			isa = XCBuildConfiguration;
			buildSettings = {
				ALWAYS_SEARCH_USER_PATHS = NO;
				CLANG_ANALYZER_NONNULL = YES;
				CLANG_CXX_LANGUAGE_STANDARD = "gnu++0x";
				CLANG_CXX_LIBRARY = "libc++";
				CLANG_ENABLE_MODULES = YES;
				CLANG_ENABLE_OBJC_ARC = YES;
				CLANG_WARN_BOOL_CONVERSION = YES;
				CLANG_WARN_CONSTANT_CONVERSION = YES;
				CLANG_WARN_DIRECT_OBJC_ISA_USAGE = YES_ERROR;
				CLANG_WARN_EMPTY_BODY = YES;
				CLANG_WARN_ENUM_CONVERSION = YES;
				CLANG_WARN_INT_CONVERSION = YES;
				CLANG_WARN_OBJC_ROOT_CLASS = YES_ERROR;
				CLANG_WARN_UNREACHABLE_CODE = YES;
				CLANG_WARN__DUPLICATE_METHOD_MATCH = YES;
				"CODE_SIGN_IDENTITY[sdk=iphoneos*]" = "iPhone Developer";
				COPY_PHASE_STRIP = NO;
				DEBUG_INFORMATION_FORMAT = dwarf;
				ENABLE_STRICT_OBJC_MSGSEND = YES;
				ENABLE_TESTABILITY = YES;
				GCC_C_LANGUAGE_STANDARD = gnu99;
				GCC_DYNAMIC_NO_PIC = NO;
				GCC_NO_COMMON_BLOCKS = YES;
				GCC_OPTIMIZATION_LEVEL = 0;
				GCC_PREPROCESSOR_DEFINITIONS = (
					"DEBUG=1",
					"$(inherited)",
				);
				GCC_WARN_64_TO_32_BIT_CONVERSION = YES;
				GCC_WARN_ABOUT_RETURN_TYPE = YES_ERROR;
				GCC_WARN_UNDECLARED_SELECTOR = YES;
				GCC_WARN_UNINITIALIZED_AUTOS = YES_AGGRESSIVE;
				GCC_WARN_UNUSED_FUNCTION = YES;
				GCC_WARN_UNUSED_VARIABLE = YES;
				IPHONEOS_DEPLOYMENT_TARGET = 9.3;
				MTL_ENABLE_DEBUG_INFO = YES;
				ONLY_ACTIVE_ARCH = YES;
				SDKROOT = iphoneos;
			};
			name = Debug;
		};
		84F029381D04752300F1CCD0 /* Release */ = {
			isa = XCBuildConfiguration;
			buildSettings = {
				ALWAYS_SEARCH_USER_PATHS = NO;
				CLANG_ANALYZER_NONNULL = YES;
				CLANG_CXX_LANGUAGE_STANDARD = "gnu++0x";
				CLANG_CXX_LIBRARY = "libc++";
				CLANG_ENABLE_MODULES = YES;
				CLANG_ENABLE_OBJC_ARC = YES;
				CLANG_WARN_BOOL_CONVERSION = YES;
				CLANG_WARN_CONSTANT_CONVERSION = YES;
				CLANG_WARN_DIRECT_OBJC_ISA_USAGE = YES_ERROR;
				CLANG_WARN_EMPTY_BODY = YES;
				CLANG_WARN_ENUM_CONVERSION = YES;
				CLANG_WARN_INT_CONVERSION = YES;
				CLANG_WARN_OBJC_ROOT_CLASS = YES_ERROR;
				CLANG_WARN_UNREACHABLE_CODE = YES;
				CLANG_WARN__DUPLICATE_METHOD_MATCH = YES;
				"CODE_SIGN_IDENTITY[sdk=iphoneos*]" = "iPhone Developer";
				COPY_PHASE_STRIP = NO;
				DEBUG_INFORMATION_FORMAT = "dwarf-with-dsym";
				ENABLE_NS_ASSERTIONS = NO;
				ENABLE_STRICT_OBJC_MSGSEND = YES;
				GCC_C_LANGUAGE_STANDARD = gnu99;
				GCC_NO_COMMON_BLOCKS = YES;
				GCC_WARN_64_TO_32_BIT_CONVERSION = YES;
				GCC_WARN_ABOUT_RETURN_TYPE = YES_ERROR;
				GCC_WARN_UNDECLARED_SELECTOR = YES;
				GCC_WARN_UNINITIALIZED_AUTOS = YES_AGGRESSIVE;
				GCC_WARN_UNUSED_FUNCTION = YES;
				GCC_WARN_UNUSED_VARIABLE = YES;
				IPHONEOS_DEPLOYMENT_TARGET = 9.3;
				MTL_ENABLE_DEBUG_INFO = NO;
				SDKROOT = iphoneos;
				VALIDATE_PRODUCT = YES;
			};
			name = Release;
		};
		84F0293A1D04752300F1CCD0 /* Debug */ = {
			isa = XCBuildConfiguration;
			baseConfigurationReference = 56D39856BC9656AB63757910 /* Pods.debug.xcconfig */;
			buildSettings = {
				ALWAYS_SEARCH_USER_PATHS = NO;
				ASSETCATALOG_COMPILER_APPICON_NAME = AppIcon;
				ASSETCATALOG_COMPILER_LAUNCHIMAGE_NAME = LaunchImage;
				CLANG_ENABLE_MODULES = YES;
				CODE_SIGN_IDENTITY = "iPhone Distribution: ju yuan (QJNCKRFW6Z)";
				"CODE_SIGN_IDENTITY[sdk=iphoneos*]" = "iPhone Distribution: ju yuan (QJNCKRFW6Z)";
				EMBEDDED_CONTENT_CONTAINS_SWIFT = YES;
				ENABLE_BITCODE = NO;
				HEADER_SEARCH_PATHS = (
					"$(inherited)",
					"\"${PODS_ROOT}/Headers/Public\"",
					"\"${PODS_ROOT}/Headers/Public/AFNetworking\"",
					"\"${PODS_ROOT}/Headers/Public/NJKWebViewProgress\"",
					"\"${PODS_ROOT}/Headers/Public/SVProgressHUD\"",
					"\"${PODS_ROOT}/Headers/Public/WebViewJavascriptBridge\"",
				);
				INFOPLIST_FILE = shop/Info.plist;
				IPHONEOS_DEPLOYMENT_TARGET = 8.0;
				LD_RUNPATH_SEARCH_PATHS = "$(inherited) @executable_path/Frameworks";
				LIBRARY_SEARCH_PATHS = (
					"$(inherited)",
					"$(PROJECT_DIR)/shop/sdk/Wechat",
				);
				PRODUCT_BUNDLE_IDENTIFIER = com.ddyyyg.shop;
				PRODUCT_MODULE_NAME = DDYYYGModule;
				PRODUCT_NAME = "丁丁云购";
				PROVISIONING_PROFILE = "d9e0a6e5-8f02-427e-9ce6-01d6e4b41244";
				SWIFT_OBJC_BRIDGING_HEADER = "shop/bridge/shop-Bridging-Header.h";
				SWIFT_OPTIMIZATION_LEVEL = "-Onone";
			};
			name = Debug;
		};
		84F0293B1D04752300F1CCD0 /* Release */ = {
			isa = XCBuildConfiguration;
			baseConfigurationReference = 094D0C1F03EB3F60DC9635A1 /* Pods.release.xcconfig */;
			buildSettings = {
				ALWAYS_SEARCH_USER_PATHS = NO;
				ASSETCATALOG_COMPILER_APPICON_NAME = AppIcon;
				ASSETCATALOG_COMPILER_LAUNCHIMAGE_NAME = LaunchImage;
				CLANG_ENABLE_MODULES = YES;
				CODE_SIGN_IDENTITY = "iPhone Distribution: ju yuan (QJNCKRFW6Z)";
				"CODE_SIGN_IDENTITY[sdk=iphoneos*]" = "iPhone Distribution: ju yuan (QJNCKRFW6Z)";
				EMBEDDED_CONTENT_CONTAINS_SWIFT = YES;
				ENABLE_BITCODE = NO;
				HEADER_SEARCH_PATHS = (
					"$(inherited)",
					"\"${PODS_ROOT}/Headers/Public\"",
					"\"${PODS_ROOT}/Headers/Public/AFNetworking\"",
					"\"${PODS_ROOT}/Headers/Public/NJKWebViewProgress\"",
					"\"${PODS_ROOT}/Headers/Public/SVProgressHUD\"",
					"\"${PODS_ROOT}/Headers/Public/WebViewJavascriptBridge\"",
				);
				INFOPLIST_FILE = shop/Info.plist;
				IPHONEOS_DEPLOYMENT_TARGET = 8.0;
				LD_RUNPATH_SEARCH_PATHS = "$(inherited) @executable_path/Frameworks";
				LIBRARY_SEARCH_PATHS = (
					"$(inherited)",
					"$(PROJECT_DIR)/shop/sdk/Wechat",
				);
				PRODUCT_BUNDLE_IDENTIFIER = com.ddyyyg.shop;
				PRODUCT_MODULE_NAME = DDYYYGModule;
				PRODUCT_NAME = "丁丁云购";
				PROVISIONING_PROFILE = "d9e0a6e5-8f02-427e-9ce6-01d6e4b41244";
				SWIFT_OBJC_BRIDGING_HEADER = "shop/bridge/shop-Bridging-Header.h";
			};
			name = Release;
		};
		84F0293D1D04752300F1CCD0 /* Debug */ = {
			isa = XCBuildConfiguration;
			buildSettings = {
				BUNDLE_LOADER = "$(TEST_HOST)";
				INFOPLIST_FILE = shopTests/Info.plist;
				LD_RUNPATH_SEARCH_PATHS = "$(inherited) @executable_path/Frameworks @loader_path/Frameworks";
				PRODUCT_BUNDLE_IDENTIFIER = com.ddyyg.shopTests;
				PRODUCT_NAME = shop;
				TEST_HOST = "$(BUILT_PRODUCTS_DIR)/shop.app/shop";
			};
			name = Debug;
		};
		84F0293E1D04752300F1CCD0 /* Release */ = {
			isa = XCBuildConfiguration;
			buildSettings = {
				BUNDLE_LOADER = "$(TEST_HOST)";
				INFOPLIST_FILE = shopTests/Info.plist;
				LD_RUNPATH_SEARCH_PATHS = "$(inherited) @executable_path/Frameworks @loader_path/Frameworks";
				PRODUCT_BUNDLE_IDENTIFIER = com.ddyyg.shopTests;
				PRODUCT_NAME = shop;
				TEST_HOST = "$(BUILT_PRODUCTS_DIR)/shop.app/shop";
			};
			name = Release;
		};
		84F029401D04752300F1CCD0 /* Debug */ = {
			isa = XCBuildConfiguration;
			buildSettings = {
				INFOPLIST_FILE = shopUITests/Info.plist;
				LD_RUNPATH_SEARCH_PATHS = "$(inherited) @executable_path/Frameworks @loader_path/Frameworks";
				PRODUCT_BUNDLE_IDENTIFIER = com.ddyyg.shopUITests;
				PRODUCT_NAME = shop;
				TEST_TARGET_NAME = shop;
			};
			name = Debug;
		};
		84F029411D04752300F1CCD0 /* Release */ = {
			isa = XCBuildConfiguration;
			buildSettings = {
				INFOPLIST_FILE = shopUITests/Info.plist;
				LD_RUNPATH_SEARCH_PATHS = "$(inherited) @executable_path/Frameworks @loader_path/Frameworks";
				PRODUCT_BUNDLE_IDENTIFIER = com.ddyyg.shopUITests;
				PRODUCT_NAME = shop;
				TEST_TARGET_NAME = shop;
			};
			name = Release;
		};
/* End XCBuildConfiguration section */

/* Begin XCConfigurationList section */
		84F029071D04752300F1CCD0 /* Build configuration list for PBXProject "shop" */ = {
			isa = XCConfigurationList;
			buildConfigurations = (
				84F029371D04752300F1CCD0 /* Debug */,
				84F029381D04752300F1CCD0 /* Release */,
			);
			defaultConfigurationIsVisible = 0;
			defaultConfigurationName = Release;
		};
		84F029391D04752300F1CCD0 /* Build configuration list for PBXNativeTarget "shop" */ = {
			isa = XCConfigurationList;
			buildConfigurations = (
				84F0293A1D04752300F1CCD0 /* Debug */,
				84F0293B1D04752300F1CCD0 /* Release */,
			);
			defaultConfigurationIsVisible = 0;
			defaultConfigurationName = Release;
		};
		84F0293C1D04752300F1CCD0 /* Build configuration list for PBXNativeTarget "shopTests" */ = {
			isa = XCConfigurationList;
			buildConfigurations = (
				84F0293D1D04752300F1CCD0 /* Debug */,
				84F0293E1D04752300F1CCD0 /* Release */,
			);
			defaultConfigurationIsVisible = 0;
			defaultConfigurationName = Release;
		};
		84F0293F1D04752300F1CCD0 /* Build configuration list for PBXNativeTarget "shopUITests" */ = {
			isa = XCConfigurationList;
			buildConfigurations = (
				84F029401D04752300F1CCD0 /* Debug */,
				84F029411D04752300F1CCD0 /* Release */,
			);
			defaultConfigurationIsVisible = 0;
			defaultConfigurationName = Release;
		};
/* End XCConfigurationList section */
	};
	rootObject = 84F029041D04752300F1CCD0 /* Project object */;
}
